
Microsoft Visual Studio Solution File, Format Version 12.00
# Visual Studio Version 16
VisualStudioVersion = 16.0.30114.105
MinimumVisualStudioVersion = 10.0.40219.1
Project("{FAE04EC0-301F-11D3-BF4B-00C04F79EFBC}") = "LonelyMountain.Src", "LonelyMountain.Src\LonelyMountain.Src.csproj", "{EB25DF12-8094-4E01-B1B9-DC8D73AF2375}"
EndProject
Project("{2150E333-8FDC-42A3-9474-1A3956D46DE8}") = "LonelyMountain.Example", "LonelyMountain.Example", "{58D55F2E-F5AC-45FF-BC50-C90468044D22}"
EndProject
Project("{2150E333-8FDC-42A3-9474-1A3956D46DE8}") = "Worker", "Worker", "{12D56585-9F01-4146-B1FF-2A92AC42425A}"
EndProject
Project("{FAE04EC0-301F-11D3-BF4B-00C04F79EFBC}") = "LonelyMountain.Example", "LonelyMountain.Example\Worker\Customer\LonelyMountain.Example.csproj", "{549780CB-5E48-4D6A-89DB-4B7D4E9D10F1}"
EndProject
Global
	GlobalSection(SolutionConfigurationPlatforms) = preSolution
		Debug|Any CPU = Debug|Any CPU
		Debug|x64 = Debug|x64
		Debug|x86 = Debug|x86
		Release|Any CPU = Release|Any CPU
		Release|x64 = Release|x64
		Release|x86 = Release|x86
	EndGlobalSection
	GlobalSection(SolutionProperties) = preSolution
		HideSolutionNode = FALSE
	EndGlobalSection
	GlobalSection(ProjectConfigurationPlatforms) = postSolution
		{EB25DF12-8094-4E01-B1B9-DC8D73AF2375}.Debug|Any CPU.ActiveCfg = Debug|Any CPU
		{EB25DF12-8094-4E01-B1B9-DC8D73AF2375}.Debug|Any CPU.Build.0 = Debug|Any CPU
		{EB25DF12-8094-4E01-B1B9-DC8D73AF2375}.Debug|x64.ActiveCfg = Debug|Any CPU
		{EB25DF12-8094-4E01-B1B9-DC8D73AF2375}.Debug|x64.Build.0 = Debug|Any CPU
		{EB25DF12-8094-4E01-B1B9-DC8D73AF2375}.Debug|x86.ActiveCfg = Debug|Any CPU
		{EB25DF12-8094-4E01-B1B9-DC8D73AF2375}.Debug|x86.Build.0 = Debug|Any CPU
		{EB25DF12-8094-4E01-B1B9-DC8D73AF2375}.Release|Any CPU.ActiveCfg = Release|Any CPU
		{EB25DF12-8094-4E01-B1B9-DC8D73AF2375}.Release|Any CPU.Build.0 = Release|Any CPU
		{EB25DF12-8094-4E01-B1B9-DC8D73AF2375}.Release|x64.ActiveCfg = Release|Any CPU
		{EB25DF12-8094-4E01-B1B9-DC8D73AF2375}.Release|x64.Build.0 = Release|Any CPU
		{EB25DF12-8094-4E01-B1B9-DC8D73AF2375}.Release|x86.ActiveCfg = Release|Any CPU
		{EB25DF12-8094-4E01-B1B9-DC8D73AF2375}.Release|x86.Build.0 = Release|Any CPU
		{549780CB-5E48-4D6A-89DB-4B7D4E9D10F1}.Debug|Any CPU.ActiveCfg = Debug|Any CPU
		{549780CB-5E48-4D6A-89DB-4B7D4E9D10F1}.Debug|Any CPU.Build.0 = Debug|Any CPU
		{549780CB-5E48-4D6A-89DB-4B7D4E9D10F1}.Debug|x64.ActiveCfg = Debug|Any CPU
		{549780CB-5E48-4D6A-89DB-4B7D4E9D10F1}.Debug|x64.Build.0 = Debug|Any CPU
		{549780CB-5E48-4D6A-89DB-4B7D4E9D10F1}.Debug|x86.ActiveCfg = Debug|Any CPU
		{549780CB-5E48-4D6A-89DB-4B7D4E9D10F1}.Debug|x86.Build.0 = Debug|Any CPU
		{549780CB-5E48-4D6A-89DB-4B7D4E9D10F1}.Release|Any CPU.ActiveCfg = Release|Any CPU
		{549780CB-5E48-4D6A-89DB-4B7D4E9D10F1}.Release|Any CPU.Build.0 = Release|Any CPU
		{549780CB-5E48-4D6A-89DB-4B7D4E9D10F1}.Release|x64.ActiveCfg = Release|Any CPU
		{549780CB-5E48-4D6A-89DB-4B7D4E9D10F1}.Release|x64.Build.0 = Release|Any CPU
		{549780CB-5E48-4D6A-89DB-4B7D4E9D10F1}.Release|x86.ActiveCfg = Release|Any CPU
		{549780CB-5E48-4D6A-89DB-4B7D4E9D10F1}.Release|x86.Build.0 = Release|Any CPU
	EndGlobalSection
	GlobalSection(NestedProjects) = preSolution
		{12D56585-9F01-4146-B1FF-2A92AC42425A} = {58D55F2E-F5AC-45FF-BC50-C90468044D22}
		{549780CB-5E48-4D6A-89DB-4B7D4E9D10F1} = {12D56585-9F01-4146-B1FF-2A92AC42425A}
	EndGlobalSection
EndGlobal
